
Microsoft Visual Studio Solution File, Format Version 12.00
Project("{FAE04EC0-301F-11D3-BF4B-00C04F79EFBC}") = "Discord.Net.MVVM", "Discord.Net.MVVM\Discord.Net.MVVM.csproj", "{7FB8ACCB-40DE-4F1D-BDB9-F05ACEABFD8F}"
EndProject
Project("{FAE04EC0-301F-11D3-BF4B-00C04F79EFBC}") = "Discord.Net.MVVM.Utilities", "Discord.Net.MVVM.Utilities\Discord.Net.MVVM.Utilities.csproj", "{C7E06D88-BB9B-4D0D-9864-C368F01269AB}"
EndProject
Global
	GlobalSection(SolutionConfigurationPlatforms) = preSolution
		Debug|Any CPU = Debug|Any CPU
		Release|Any CPU = Release|Any CPU
	EndGlobalSection
	GlobalSection(ProjectConfigurationPlatforms) = postSolution
		{7FB8ACCB-40DE-4F1D-BDB9-F05ACEABFD8F}.Debug|Any CPU.ActiveCfg = Debug|Any CPU
		{7FB8ACCB-40DE-4F1D-BDB9-F05ACEABFD8F}.Debug|Any CPU.Build.0 = Debug|Any CPU
		{7FB8ACCB-40DE-4F1D-BDB9-F05ACEABFD8F}.Release|Any CPU.ActiveCfg = Release|Any CPU
		{7FB8ACCB-40DE-4F1D-BDB9-F05ACEABFD8F}.Release|Any CPU.Build.0 = Release|Any CPU
		{C7E06D88-BB9B-4D0D-9864-C368F01269AB}.Debug|Any CPU.ActiveCfg = Debug|Any CPU
		{C7E06D88-BB9B-4D0D-9864-C368F01269AB}.Debug|Any CPU.Build.0 = Debug|Any CPU
		{C7E06D88-BB9B-4D0D-9864-C368F01269AB}.Release|Any CPU.ActiveCfg = Release|Any CPU
		{C7E06D88-BB9B-4D0D-9864-C368F01269AB}.Release|Any CPU.Build.0 = Release|Any CPU
	EndGlobalSection
EndGlobal
